
Microsoft Visual Studio Solution File, Format Version 12.00
# Visual Studio Version 17
VisualStudioVersion = 17.13.35828.75
MinimumVisualStudioVersion = 10.0.40219.1
Project("{FAE04EC0-301F-11D3-BF4B-00C04F79EFBC}") = "Logic", "Logic\Logic.csproj", "{8C823C04-518D-7F5D-DC1B-2C502C583C95}"
EndProject
Project("{FAE04EC0-301F-11D3-BF4B-00C04F79EFBC}") = "View", "View\View.csproj", "{39516C1B-D78A-AC8A-D76E-1BE6EB844C77}"
EndProject
Project("{FAE04EC0-301F-11D3-BF4B-00C04F79EFBC}") = "Data", "Data\Data.csproj", "{AE8E2E54-CA0B-F6F5-0102-F79722AD1421}"
EndProject
Project("{FAE04EC0-301F-11D3-BF4B-00C04F79EFBC}") = "ViewModel", "ViewModel\ViewModel.csproj", "{F099EF83-E570-F1A7-D403-3F0F186F11BD}"
EndProject
Project("{FAE04EC0-301F-11D3-BF4B-00C04F79EFBC}") = "Model", "Model\Model.csproj", "{B4923625-668A-95CB-F92E-EAD08FFFA065}"
EndProject
Project("{FAE04EC0-301F-11D3-BF4B-00C04F79EFBC}") = "LogicTest", "LogicTest\LogicTest.csproj", "{8198CF3A-08BD-D598-64DD-867F749C91D3}"
EndProject
Project("{FAE04EC0-301F-11D3-BF4B-00C04F79EFBC}") = "DataTest", "DataTest\DataTest.csproj", "{ECE2C12D-2A86-EA19-1E8F-EC893614CC70}"
EndProject
Global
	GlobalSection(SolutionConfigurationPlatforms) = preSolution
		Debug|Any CPU = Debug|Any CPU
		Release|Any CPU = Release|Any CPU
	EndGlobalSection
	GlobalSection(ProjectConfigurationPlatforms) = postSolution
		{8C823C04-518D-7F5D-DC1B-2C502C583C95}.Debug|Any CPU.ActiveCfg = Debug|Any CPU
		{8C823C04-518D-7F5D-DC1B-2C502C583C95}.Debug|Any CPU.Build.0 = Debug|Any CPU
		{8C823C04-518D-7F5D-DC1B-2C502C583C95}.Release|Any CPU.ActiveCfg = Release|Any CPU
		{8C823C04-518D-7F5D-DC1B-2C502C583C95}.Release|Any CPU.Build.0 = Release|Any CPU
		{39516C1B-D78A-AC8A-D76E-1BE6EB844C77}.Debug|Any CPU.ActiveCfg = Debug|Any CPU
		{39516C1B-D78A-AC8A-D76E-1BE6EB844C77}.Debug|Any CPU.Build.0 = Debug|Any CPU
		{39516C1B-D78A-AC8A-D76E-1BE6EB844C77}.Release|Any CPU.ActiveCfg = Release|Any CPU
		{39516C1B-D78A-AC8A-D76E-1BE6EB844C77}.Release|Any CPU.Build.0 = Release|Any CPU
		{AE8E2E54-CA0B-F6F5-0102-F79722AD1421}.Debug|Any CPU.ActiveCfg = Debug|Any CPU
		{AE8E2E54-CA0B-F6F5-0102-F79722AD1421}.Debug|Any CPU.Build.0 = Debug|Any CPU
		{AE8E2E54-CA0B-F6F5-0102-F79722AD1421}.Release|Any CPU.ActiveCfg = Release|Any CPU
		{AE8E2E54-CA0B-F6F5-0102-F79722AD1421}.Release|Any CPU.Build.0 = Release|Any CPU
		{F099EF83-E570-F1A7-D403-3F0F186F11BD}.Debug|Any CPU.ActiveCfg = Debug|Any CPU
		{F099EF83-E570-F1A7-D403-3F0F186F11BD}.Debug|Any CPU.Build.0 = Debug|Any CPU
		{F099EF83-E570-F1A7-D403-3F0F186F11BD}.Release|Any CPU.ActiveCfg = Release|Any CPU
		{F099EF83-E570-F1A7-D403-3F0F186F11BD}.Release|Any CPU.Build.0 = Release|Any CPU
		{B4923625-668A-95CB-F92E-EAD08FFFA065}.Debug|Any CPU.ActiveCfg = Debug|Any CPU
		{B4923625-668A-95CB-F92E-EAD08FFFA065}.Debug|Any CPU.Build.0 = Debug|Any CPU
		{B4923625-668A-95CB-F92E-EAD08FFFA065}.Release|Any CPU.ActiveCfg = Release|Any CPU
		{B4923625-668A-95CB-F92E-EAD08FFFA065}.Release|Any CPU.Build.0 = Release|Any CPU
		{8198CF3A-08BD-D598-64DD-867F749C91D3}.Debug|Any CPU.ActiveCfg = Debug|Any CPU
		{8198CF3A-08BD-D598-64DD-867F749C91D3}.Debug|Any CPU.Build.0 = Debug|Any CPU
		{8198CF3A-08BD-D598-64DD-867F749C91D3}.Release|Any CPU.ActiveCfg = Release|Any CPU
		{8198CF3A-08BD-D598-64DD-867F749C91D3}.Release|Any CPU.Build.0 = Release|Any CPU
		{ECE2C12D-2A86-EA19-1E8F-EC893614CC70}.Debug|Any CPU.ActiveCfg = Debug|Any CPU
		{ECE2C12D-2A86-EA19-1E8F-EC893614CC70}.Debug|Any CPU.Build.0 = Debug|Any CPU
		{ECE2C12D-2A86-EA19-1E8F-EC893614CC70}.Release|Any CPU.ActiveCfg = Release|Any CPU
		{ECE2C12D-2A86-EA19-1E8F-EC893614CC70}.Release|Any CPU.Build.0 = Release|Any CPU
	EndGlobalSection
	GlobalSection(SolutionProperties) = preSolution
		HideSolutionNode = FALSE
	EndGlobalSection
	GlobalSection(ExtensibilityGlobals) = postSolution
		SolutionGuid = {2D594000-BB77-4496-8EEB-C79E2A8B5242}
	EndGlobalSection
EndGlobal
